// !$*UTF8*$!
{
	archiveVersion = 1;
	classes = {
	};
	objectVersion = 56;
	objects = {

/* Begin PBXBuildFile section */
		F71512EA2A5FEAD900D1B5A5 /* SPortfolioFeed.swift in Sources */ = {isa = PBXBuildFile; fileRef = F71512E92A5FEAD900D1B5A5 /* SPortfolioFeed.swift */; };
		F71512EC2A5FEB1200D1B5A5 /* SPublicPortfolio.swift in Sources */ = {isa = PBXBuildFile; fileRef = F71512EB2A5FEB1200D1B5A5 /* SPublicPortfolio.swift */; };
		F71512EE2A5FEB1900D1B5A5 /* SPublicPortfolioCv.swift in Sources */ = {isa = PBXBuildFile; fileRef = F71512ED2A5FEB1900D1B5A5 /* SPublicPortfolioCv.swift */; };
		F717CBA72A78C2B9003D3433 /* SAppetizerList.swift in Sources */ = {isa = PBXBuildFile; fileRef = F717CBA62A78C2B9003D3433 /* SAppetizerList.swift */; };
		F717CBA92A78C2C5003D3433 /* SAppetizerOrder.swift in Sources */ = {isa = PBXBuildFile; fileRef = F717CBA82A78C2C5003D3433 /* SAppetizerOrder.swift */; };
		F71CA8292A707F030092C2D4 /* CNavigationHeader.swift in Sources */ = {isa = PBXBuildFile; fileRef = F71CA8282A707F030092C2D4 /* CNavigationHeader.swift */; };
		F71CA82C2A708A0B0092C2D4 /* SWeather.swift in Sources */ = {isa = PBXBuildFile; fileRef = F71CA82B2A708A0B0092C2D4 /* SWeather.swift */; };
		F73B394D2A5BE31B00997186 /* DbFrameworkGrid.swift in Sources */ = {isa = PBXBuildFile; fileRef = F73B394C2A5BE31B00997186 /* DbFrameworkGrid.swift */; };
		F73B394F2A5BE3BC00997186 /* dbFramework.swift in Sources */ = {isa = PBXBuildFile; fileRef = F73B394E2A5BE3BC00997186 /* dbFramework.swift */; };
		F73B39512A5BE47F00997186 /* CFrameworkGridTile.swift in Sources */ = {isa = PBXBuildFile; fileRef = F73B39502A5BE47F00997186 /* CFrameworkGridTile.swift */; };
		F73B39532A5BE83900997186 /* CFrameworkDetails.swift in Sources */ = {isa = PBXBuildFile; fileRef = F73B39522A5BE83900997186 /* CFrameworkDetails.swift */; };
		F73B39552A5BEAAB00997186 /* CButton.swift in Sources */ = {isa = PBXBuildFile; fileRef = F73B39542A5BEAAB00997186 /* CButton.swift */; };
		F73B39572A5D339800997186 /* CSafariView.swift in Sources */ = {isa = PBXBuildFile; fileRef = F73B39562A5D339800997186 /* CSafariView.swift */; };
		F75AC3302A70F73200B108F8 /* _STemplate.swift in Sources */ = {isa = PBXBuildFile; fileRef = F75AC32F2A70F73200B108F8 /* _STemplate.swift */; };
		F75AC3322A70F77300B108F8 /* SBarcodeScanner.swift in Sources */ = {isa = PBXBuildFile; fileRef = F75AC3312A70F77300B108F8 /* SBarcodeScanner.swift */; };
		F75AC3342A70FC7200B108F8 /* CBarcodeCameraFinder.swift in Sources */ = {isa = PBXBuildFile; fileRef = F75AC3332A70FC7200B108F8 /* CBarcodeCameraFinder.swift */; };
		F7751D782A61FE4400FAA861 /* Framework.swift in Sources */ = {isa = PBXBuildFile; fileRef = F7751D772A61FE4400FAA861 /* Framework.swift */; };
		F77E0C212A7100390043B6BE /* ScannerVC.swift in Sources */ = {isa = PBXBuildFile; fileRef = F77E0C202A7100390043B6BE /* ScannerVC.swift */; };
		F77FBD622A64A3F400CD3178 /* AppStacks.swift in Sources */ = {isa = PBXBuildFile; fileRef = F77FBD612A64A3F400CD3178 /* AppStacks.swift */; };
		F78D26D02A61642500B7B76E /* StackVC.swift in Sources */ = {isa = PBXBuildFile; fileRef = F78D26CF2A61642500B7B76E /* StackVC.swift */; };
		F7A76AE32A5AA2560000297C /* dbPortfolio.swift in Sources */ = {isa = PBXBuildFile; fileRef = F7A76AE22A5AA2560000297C /* dbPortfolio.swift */; };
		F7B6CE042A62463B007364AF /* CResponsiveStacks.swift in Sources */ = {isa = PBXBuildFile; fileRef = F7B6CE032A62463B007364AF /* CResponsiveStacks.swift */; };
		F7B6CE072A626F93007364AF /* textHelpers.swift in Sources */ = {isa = PBXBuildFile; fileRef = F7B6CE062A626F93007364AF /* textHelpers.swift */; };
		F7B6CE732A6272460036DAC8 /* CWeather.swift in Sources */ = {isa = PBXBuildFile; fileRef = F7B6CE722A6272460036DAC8 /* CWeather.swift */; };
		F7B6CE752A62728F0036DAC8 /* SFrameworks.swift in Sources */ = {isa = PBXBuildFile; fileRef = F7B6CE742A62728F0036DAC8 /* SFrameworks.swift */; };
		F7B7DF032A5A3EF50068FDE5 /* StackTypes.swift in Sources */ = {isa = PBXBuildFile; fileRef = F7B7DF022A5A3EF50068FDE5 /* StackTypes.swift */; };
		F7BFC1992A5D4F1800969430 /* CSheet.swift in Sources */ = {isa = PBXBuildFile; fileRef = F7BFC1982A5D4F1800969430 /* CSheet.swift */; };
		F7C152582A60DCCB0094FAFB /* CResponsiveTabView.swift in Sources */ = {isa = PBXBuildFile; fileRef = F7C152572A60DCCB0094FAFB /* CResponsiveTabView.swift */; };
		F7C1525A2A60E8B60094FAFB /* Portfolio.swift in Sources */ = {isa = PBXBuildFile; fileRef = F7C152592A60E8B60094FAFB /* Portfolio.swift */; };
		F7C7485F2A58EACD0075DE40 /* SchwiftyExperimentsApp.swift in Sources */ = {isa = PBXBuildFile; fileRef = F7C7485E2A58EACD0075DE40 /* SchwiftyExperimentsApp.swift */; };
		F7C748632A58EACF0075DE40 /* Assets.xcassets in Resources */ = {isa = PBXBuildFile; fileRef = F7C748622A58EACF0075DE40 /* Assets.xcassets */; };
		F7C748672A58EACF0075DE40 /* Preview Assets.xcassets in Resources */ = {isa = PBXBuildFile; fileRef = F7C748662A58EACF0075DE40 /* Preview Assets.xcassets */; };
		F7C748702A58F5FF0075DE40 /* ShowToast.swift in Sources */ = {isa = PBXBuildFile; fileRef = F7C7486F2A58F5FF0075DE40 /* ShowToast.swift */; };
		F7C748722A58F6130075DE40 /* CWeatherDayTile.swift in Sources */ = {isa = PBXBuildFile; fileRef = F7C748712A58F6130075DE40 /* CWeatherDayTile.swift */; };
		F7C748762A58F76E0075DE40 /* SAccount.swift in Sources */ = {isa = PBXBuildFile; fileRef = F7C748752A58F76E0075DE40 /* SAccount.swift */; };
		F7C748782A58F7C30075DE40 /* AppLayout.swift in Sources */ = {isa = PBXBuildFile; fileRef = F7C748772A58F7C30075DE40 /* AppLayout.swift */; };
		F7D9E2472A779E4900C9AAD0 /* Appetizer.swift in Sources */ = {isa = PBXBuildFile; fileRef = F7D9E2462A779E4900C9AAD0 /* Appetizer.swift */; };
		F7D9E2492A77AC5B00C9AAD0 /* CNavigationList.swift in Sources */ = {isa = PBXBuildFile; fileRef = F7D9E2482A77AC5B00C9AAD0 /* CNavigationList.swift */; };
		F7DDD1AA2A748B19006332E4 /* CFormAccount.swift in Sources */ = {isa = PBXBuildFile; fileRef = F7DDD1A92A748B19006332E4 /* CFormAccount.swift */; };
		F7DDD89A2A710F6D00C0CB87 /* ShowAlert.swift in Sources */ = {isa = PBXBuildFile; fileRef = F7DDD8992A710F6D00C0CB87 /* ShowAlert.swift */; };
		F7DE78872A77082900E4DFC7 /* Typography.swift in Sources */ = {isa = PBXBuildFile; fileRef = F7DE78862A77082900E4DFC7 /* Typography.swift */; };
		F7DE78892A77087D00E4DFC7 /* Space.swift in Sources */ = {isa = PBXBuildFile; fileRef = F7DE78882A77087D00E4DFC7 /* Space.swift */; };
		F7DE788B2A772AE900E4DFC7 /* CStack.swift in Sources */ = {isa = PBXBuildFile; fileRef = F7DE788A2A772AE900E4DFC7 /* CStack.swift */; };
		F7E99AF62A7404A70071A94E /* SPublicPortfolioCvEntry.swift in Sources */ = {isa = PBXBuildFile; fileRef = F7E99AF52A7404A60071A94E /* SPublicPortfolioCvEntry.swift */; };
		F7E99AF82A74898D0071A94E /* SAccountForm.swift in Sources */ = {isa = PBXBuildFile; fileRef = F7E99AF72A74898D0071A94E /* SAccountForm.swift */; };
/* End PBXBuildFile section */

/* Begin PBXFileReference section */
		F71512E92A5FEAD900D1B5A5 /* SPortfolioFeed.swift */ = {isa = PBXFileReference; lastKnownFileType = sourcecode.swift; path = SPortfolioFeed.swift; sourceTree = "<group>"; };
		F71512EB2A5FEB1200D1B5A5 /* SPublicPortfolio.swift */ = {isa = PBXFileReference; lastKnownFileType = sourcecode.swift; path = SPublicPortfolio.swift; sourceTree = "<group>"; };
		F71512ED2A5FEB1900D1B5A5 /* SPublicPortfolioCv.swift */ = {isa = PBXFileReference; fileEncoding = 4; lastKnownFileType = sourcecode.swift; path = SPublicPortfolioCv.swift; sourceTree = "<group>"; };
		F717CBA62A78C2B9003D3433 /* SAppetizerList.swift */ = {isa = PBXFileReference; fileEncoding = 4; lastKnownFileType = sourcecode.swift; path = SAppetizerList.swift; sourceTree = "<group>"; };
		F717CBA82A78C2C5003D3433 /* SAppetizerOrder.swift */ = {isa = PBXFileReference; fileEncoding = 4; lastKnownFileType = sourcecode.swift; path = SAppetizerOrder.swift; sourceTree = "<group>"; };
		F71CA8282A707F030092C2D4 /* CNavigationHeader.swift */ = {isa = PBXFileReference; lastKnownFileType = sourcecode.swift; path = CNavigationHeader.swift; sourceTree = "<group>"; };
		F71CA82B2A708A0B0092C2D4 /* SWeather.swift */ = {isa = PBXFileReference; lastKnownFileType = sourcecode.swift; path = SWeather.swift; sourceTree = "<group>"; };
		F73B394C2A5BE31B00997186 /* DbFrameworkGrid.swift */ = {isa = PBXFileReference; lastKnownFileType = sourcecode.swift; path = DbFrameworkGrid.swift; sourceTree = "<group>"; };
		F73B394E2A5BE3BC00997186 /* dbFramework.swift */ = {isa = PBXFileReference; fileEncoding = 4; lastKnownFileType = sourcecode.swift; path = dbFramework.swift; sourceTree = "<group>"; };
		F73B39502A5BE47F00997186 /* CFrameworkGridTile.swift */ = {isa = PBXFileReference; fileEncoding = 4; lastKnownFileType = sourcecode.swift; path = CFrameworkGridTile.swift; sourceTree = "<group>"; };
		F73B39522A5BE83900997186 /* CFrameworkDetails.swift */ = {isa = PBXFileReference; fileEncoding = 4; lastKnownFileType = sourcecode.swift; path = CFrameworkDetails.swift; sourceTree = "<group>"; };
		F73B39542A5BEAAB00997186 /* CButton.swift */ = {isa = PBXFileReference; lastKnownFileType = sourcecode.swift; path = CButton.swift; sourceTree = "<group>"; };
		F73B39562A5D339800997186 /* CSafariView.swift */ = {isa = PBXFileReference; lastKnownFileType = sourcecode.swift; path = CSafariView.swift; sourceTree = "<group>"; };
		F75AC32F2A70F73200B108F8 /* _STemplate.swift */ = {isa = PBXFileReference; fileEncoding = 4; lastKnownFileType = sourcecode.swift; path = _STemplate.swift; sourceTree = "<group>"; };
		F75AC3312A70F77300B108F8 /* SBarcodeScanner.swift */ = {isa = PBXFileReference; fileEncoding = 4; lastKnownFileType = sourcecode.swift; path = SBarcodeScanner.swift; sourceTree = "<group>"; };
		F75AC3332A70FC7200B108F8 /* CBarcodeCameraFinder.swift */ = {isa = PBXFileReference; lastKnownFileType = sourcecode.swift; path = CBarcodeCameraFinder.swift; sourceTree = "<group>"; };
		F7751D772A61FE4400FAA861 /* Framework.swift */ = {isa = PBXFileReference; lastKnownFileType = sourcecode.swift; path = Framework.swift; sourceTree = "<group>"; };
		F77E0C202A7100390043B6BE /* ScannerVC.swift */ = {isa = PBXFileReference; lastKnownFileType = sourcecode.swift; path = ScannerVC.swift; sourceTree = "<group>"; };
		F77FBD612A64A3F400CD3178 /* AppStacks.swift */ = {isa = PBXFileReference; lastKnownFileType = sourcecode.swift; path = AppStacks.swift; sourceTree = "<group>"; };
		F78D26CF2A61642500B7B76E /* StackVC.swift */ = {isa = PBXFileReference; lastKnownFileType = sourcecode.swift; path = StackVC.swift; sourceTree = "<group>"; };
		F7A76AE22A5AA2560000297C /* dbPortfolio.swift */ = {isa = PBXFileReference; lastKnownFileType = sourcecode.swift; path = dbPortfolio.swift; sourceTree = "<group>"; };
		F7B6CE032A62463B007364AF /* CResponsiveStacks.swift */ = {isa = PBXFileReference; lastKnownFileType = sourcecode.swift; path = CResponsiveStacks.swift; sourceTree = "<group>"; };
		F7B6CE062A626F93007364AF /* textHelpers.swift */ = {isa = PBXFileReference; lastKnownFileType = sourcecode.swift; path = textHelpers.swift; sourceTree = "<group>"; };
		F7B6CE722A6272460036DAC8 /* CWeather.swift */ = {isa = PBXFileReference; lastKnownFileType = sourcecode.swift; path = CWeather.swift; sourceTree = "<group>"; };
		F7B6CE742A62728F0036DAC8 /* SFrameworks.swift */ = {isa = PBXFileReference; lastKnownFileType = sourcecode.swift; path = SFrameworks.swift; sourceTree = "<group>"; };
		F7B7DF022A5A3EF50068FDE5 /* StackTypes.swift */ = {isa = PBXFileReference; lastKnownFileType = sourcecode.swift; path = StackTypes.swift; sourceTree = "<group>"; };
		F7BFC1982A5D4F1800969430 /* CSheet.swift */ = {isa = PBXFileReference; lastKnownFileType = sourcecode.swift; path = CSheet.swift; sourceTree = "<group>"; };
		F7C152572A60DCCB0094FAFB /* CResponsiveTabView.swift */ = {isa = PBXFileReference; lastKnownFileType = sourcecode.swift; path = CResponsiveTabView.swift; sourceTree = "<group>"; };
		F7C152592A60E8B60094FAFB /* Portfolio.swift */ = {isa = PBXFileReference; lastKnownFileType = sourcecode.swift; path = Portfolio.swift; sourceTree = "<group>"; };
		F7C7485B2A58EACD0075DE40 /* schwifty-experiments.app */ = {isa = PBXFileReference; explicitFileType = wrapper.application; includeInIndex = 0; path = "schwifty-experiments.app"; sourceTree = BUILT_PRODUCTS_DIR; };
		F7C7485E2A58EACD0075DE40 /* SchwiftyExperimentsApp.swift */ = {isa = PBXFileReference; lastKnownFileType = sourcecode.swift; path = SchwiftyExperimentsApp.swift; sourceTree = "<group>"; };
		F7C748622A58EACF0075DE40 /* Assets.xcassets */ = {isa = PBXFileReference; lastKnownFileType = folder.assetcatalog; path = Assets.xcassets; sourceTree = "<group>"; };
		F7C748642A58EACF0075DE40 /* schwifty_experiments.entitlements */ = {isa = PBXFileReference; lastKnownFileType = text.plist.entitlements; path = schwifty_experiments.entitlements; sourceTree = "<group>"; };
		F7C748662A58EACF0075DE40 /* Preview Assets.xcassets */ = {isa = PBXFileReference; lastKnownFileType = folder.assetcatalog; path = "Preview Assets.xcassets"; sourceTree = "<group>"; };
		F7C7486F2A58F5FF0075DE40 /* ShowToast.swift */ = {isa = PBXFileReference; lastKnownFileType = sourcecode.swift; path = ShowToast.swift; sourceTree = "<group>"; };
		F7C748712A58F6130075DE40 /* CWeatherDayTile.swift */ = {isa = PBXFileReference; lastKnownFileType = sourcecode.swift; path = CWeatherDayTile.swift; sourceTree = "<group>"; };
		F7C748752A58F76E0075DE40 /* SAccount.swift */ = {isa = PBXFileReference; lastKnownFileType = sourcecode.swift; path = SAccount.swift; sourceTree = "<group>"; };
		F7C748772A58F7C30075DE40 /* AppLayout.swift */ = {isa = PBXFileReference; lastKnownFileType = sourcecode.swift; path = AppLayout.swift; sourceTree = "<group>"; };
		F7D9E2462A779E4900C9AAD0 /* Appetizer.swift */ = {isa = PBXFileReference; lastKnownFileType = sourcecode.swift; path = Appetizer.swift; sourceTree = "<group>"; };
		F7D9E2482A77AC5B00C9AAD0 /* CNavigationList.swift */ = {isa = PBXFileReference; lastKnownFileType = sourcecode.swift; path = CNavigationList.swift; sourceTree = "<group>"; };
		F7DDD1A92A748B19006332E4 /* CFormAccount.swift */ = {isa = PBXFileReference; fileEncoding = 4; lastKnownFileType = sourcecode.swift; path = CFormAccount.swift; sourceTree = "<group>"; };
		F7DDD8992A710F6D00C0CB87 /* ShowAlert.swift */ = {isa = PBXFileReference; lastKnownFileType = sourcecode.swift; path = ShowAlert.swift; sourceTree = "<group>"; };
		F7DE78862A77082900E4DFC7 /* Typography.swift */ = {isa = PBXFileReference; lastKnownFileType = sourcecode.swift; path = Typography.swift; sourceTree = "<group>"; };
		F7DE78882A77087D00E4DFC7 /* Space.swift */ = {isa = PBXFileReference; lastKnownFileType = sourcecode.swift; path = Space.swift; sourceTree = "<group>"; };
		F7DE788A2A772AE900E4DFC7 /* CStack.swift */ = {isa = PBXFileReference; fileEncoding = 4; lastKnownFileType = sourcecode.swift; path = CStack.swift; sourceTree = "<group>"; };
		F7E99AF52A7404A60071A94E /* SPublicPortfolioCvEntry.swift */ = {isa = PBXFileReference; fileEncoding = 4; lastKnownFileType = sourcecode.swift; path = SPublicPortfolioCvEntry.swift; sourceTree = "<group>"; };
		F7E99AF72A74898D0071A94E /* SAccountForm.swift */ = {isa = PBXFileReference; fileEncoding = 4; lastKnownFileType = sourcecode.swift; path = SAccountForm.swift; sourceTree = "<group>"; };
/* End PBXFileReference section */

/* Begin PBXFrameworksBuildPhase section */
		F7C748582A58EACD0075DE40 /* Frameworks */ = {
			isa = PBXFrameworksBuildPhase;
			buildActionMask = 2147483647;
			files = (
			);
			runOnlyForDeploymentPostprocessing = 0;
		};
/* End PBXFrameworksBuildPhase section */

/* Begin PBXGroup section */
		F71CA82A2A7081C00092C2D4 /* db-components */ = {
			isa = PBXGroup;
			children = (
				F73B394C2A5BE31B00997186 /* DbFrameworkGrid.swift */,
			);
			path = "db-components";
			sourceTree = "<group>";
		};
		F7A76AE12A5AA2390000297C /* db */ = {
			isa = PBXGroup;
			children = (
				F73B394E2A5BE3BC00997186 /* dbFramework.swift */,
				F7A76AE22A5AA2560000297C /* dbPortfolio.swift */,
			);
			path = db;
			sourceTree = "<group>";
		};
		F7B6CE052A626F87007364AF /* utils */ = {
			isa = PBXGroup;
			children = (
				F7DDD8992A710F6D00C0CB87 /* ShowAlert.swift */,
				F7B6CE062A626F93007364AF /* textHelpers.swift */,
				F7C7486F2A58F5FF0075DE40 /* ShowToast.swift */,
			);
			path = utils;
			sourceTree = "<group>";
		};
		F7B7DF002A5A3ED00068FDE5 /* types */ = {
			isa = PBXGroup;
			children = (
				F7D9E2462A779E4900C9AAD0 /* Appetizer.swift */,
				F7751D772A61FE4400FAA861 /* Framework.swift */,
				F7C152592A60E8B60094FAFB /* Portfolio.swift */,
				F77E0C202A7100390043B6BE /* ScannerVC.swift */,
				F7B7DF022A5A3EF50068FDE5 /* StackTypes.swift */,
				F78D26CF2A61642500B7B76E /* StackVC.swift */,
			);
			path = types;
			sourceTree = "<group>";
		};
		F7C748522A58EACD0075DE40 = {
			isa = PBXGroup;
			children = (
				F7C7485C2A58EACD0075DE40 /* Products */,
				F7C7485D2A58EACD0075DE40 /* schwifty-experiments */,
			);
			sourceTree = "<group>";
		};
		F7C7485C2A58EACD0075DE40 /* Products */ = {
			isa = PBXGroup;
			children = (
				F7C7485B2A58EACD0075DE40 /* schwifty-experiments.app */,
			);
			name = Products;
			sourceTree = "<group>";
		};
		F7C7485D2A58EACD0075DE40 /* schwifty-experiments */ = {
			isa = PBXGroup;
			children = (
				F7C7485E2A58EACD0075DE40 /* SchwiftyExperimentsApp.swift */,
				F7CDCFFD2A77039A0057FEC1 /* styles */,
				F7B6CE052A626F87007364AF /* utils */,
				F7A76AE12A5AA2390000297C /* db */,
				F7B7DF002A5A3ED00068FDE5 /* types */,
				F71CA82A2A7081C00092C2D4 /* db-components */,
				F7C7486E2A58F5E10075DE40 /* components */,
				F7C7486D2A58ED750075DE40 /* pages */,
				F7C748622A58EACF0075DE40 /* Assets.xcassets */,
				F7C748642A58EACF0075DE40 /* schwifty_experiments.entitlements */,
				F7C748652A58EACF0075DE40 /* Preview Content */,
			);
			path = "schwifty-experiments";
			sourceTree = "<group>";
		};
		F7C748652A58EACF0075DE40 /* Preview Content */ = {
			isa = PBXGroup;
			children = (
				F7C748662A58EACF0075DE40 /* Preview Assets.xcassets */,
			);
			path = "Preview Content";
			sourceTree = "<group>";
		};
		F7C7486D2A58ED750075DE40 /* pages */ = {
			isa = PBXGroup;
			children = (
				F75AC32F2A70F73200B108F8 /* _STemplate.swift */,
				F7C748772A58F7C30075DE40 /* AppLayout.swift */,
				F77FBD612A64A3F400CD3178 /* AppStacks.swift */,
				F7C748752A58F76E0075DE40 /* SAccount.swift */,
				F7E99AF72A74898D0071A94E /* SAccountForm.swift */,
				F717CBA62A78C2B9003D3433 /* SAppetizerList.swift */,
				F717CBA82A78C2C5003D3433 /* SAppetizerOrder.swift */,
				F75AC3312A70F77300B108F8 /* SBarcodeScanner.swift */,
				F7B6CE742A62728F0036DAC8 /* SFrameworks.swift */,
				F71512E92A5FEAD900D1B5A5 /* SPortfolioFeed.swift */,
				F71512EB2A5FEB1200D1B5A5 /* SPublicPortfolio.swift */,
				F71512ED2A5FEB1900D1B5A5 /* SPublicPortfolioCv.swift */,
				F7E99AF52A7404A60071A94E /* SPublicPortfolioCvEntry.swift */,
				F71CA82B2A708A0B0092C2D4 /* SWeather.swift */,
			);
			path = pages;
			sourceTree = "<group>";
		};
		F7C7486E2A58F5E10075DE40 /* components */ = {
			isa = PBXGroup;
			children = (
				F75AC3332A70FC7200B108F8 /* CBarcodeCameraFinder.swift */,
				F73B39542A5BEAAB00997186 /* CButton.swift */,
				F7DDD1A92A748B19006332E4 /* CFormAccount.swift */,
				F73B39522A5BE83900997186 /* CFrameworkDetails.swift */,
				F73B39502A5BE47F00997186 /* CFrameworkGridTile.swift */,
				F71CA8282A707F030092C2D4 /* CNavigationHeader.swift */,
				F7D9E2482A77AC5B00C9AAD0 /* CNavigationList.swift */,
				F7B6CE032A62463B007364AF /* CResponsiveStacks.swift */,
				F7C152572A60DCCB0094FAFB /* CResponsiveTabView.swift */,
				F73B39562A5D339800997186 /* CSafariView.swift */,
				F7BFC1982A5D4F1800969430 /* CSheet.swift */,
				F7DE788A2A772AE900E4DFC7 /* CStack.swift */,
				F7B6CE722A6272460036DAC8 /* CWeather.swift */,
				F7C748712A58F6130075DE40 /* CWeatherDayTile.swift */,
			);
			path = components;
			sourceTree = "<group>";
		};
		F7CDCFFD2A77039A0057FEC1 /* styles */ = {
			isa = PBXGroup;
			children = (
				F7DE78862A77082900E4DFC7 /* Typography.swift */,
				F7DE78882A77087D00E4DFC7 /* Space.swift */,
			);
			path = styles;
			sourceTree = "<group>";
		};
/* End PBXGroup section */

/* Begin PBXNativeTarget section */
		F7C7485A2A58EACD0075DE40 /* schwifty-experiments */ = {
			isa = PBXNativeTarget;
			buildConfigurationList = F7C7486A2A58EACF0075DE40 /* Build configuration list for PBXNativeTarget "schwifty-experiments" */;
			buildPhases = (
				F7C748572A58EACD0075DE40 /* Sources */,
				F7C748582A58EACD0075DE40 /* Frameworks */,
				F7C748592A58EACD0075DE40 /* Resources */,
			);
			buildRules = (
			);
			dependencies = (
			);
			name = "schwifty-experiments";
			productName = "schwifty-experiments";
			productReference = F7C7485B2A58EACD0075DE40 /* schwifty-experiments.app */;
			productType = "com.apple.product-type.application";
		};
/* End PBXNativeTarget section */

/* Begin PBXProject section */
		F7C748532A58EACD0075DE40 /* Project object */ = {
			isa = PBXProject;
			attributes = {
				BuildIndependentTargetsInParallel = 1;
				LastSwiftUpdateCheck = 1430;
				LastUpgradeCheck = 1500;
				TargetAttributes = {
					F7C7485A2A58EACD0075DE40 = {
						CreatedOnToolsVersion = 14.3.1;
					};
				};
			};
			buildConfigurationList = F7C748562A58EACD0075DE40 /* Build configuration list for PBXProject "schwifty-experiments" */;
			compatibilityVersion = "Xcode 14.0";
			developmentRegion = en;
			hasScannedForEncodings = 0;
			knownRegions = (
				en,
				Base,
			);
			mainGroup = F7C748522A58EACD0075DE40;
			productRefGroup = F7C7485C2A58EACD0075DE40 /* Products */;
			projectDirPath = "";
			projectRoot = "";
			targets = (
				F7C7485A2A58EACD0075DE40 /* schwifty-experiments */,
			);
		};
/* End PBXProject section */

/* Begin PBXResourcesBuildPhase section */
		F7C748592A58EACD0075DE40 /* Resources */ = {
			isa = PBXResourcesBuildPhase;
			buildActionMask = 2147483647;
			files = (
				F7C748672A58EACF0075DE40 /* Preview Assets.xcassets in Resources */,
				F7C748632A58EACF0075DE40 /* Assets.xcassets in Resources */,
			);
			runOnlyForDeploymentPostprocessing = 0;
		};
/* End PBXResourcesBuildPhase section */

/* Begin PBXSourcesBuildPhase section */
		F7C748572A58EACD0075DE40 /* Sources */ = {
			isa = PBXSourcesBuildPhase;
			buildActionMask = 2147483647;
			files = (
				F71CA82C2A708A0B0092C2D4 /* SWeather.swift in Sources */,
				F75AC3322A70F77300B108F8 /* SBarcodeScanner.swift in Sources */,
				F7C1525A2A60E8B60094FAFB /* Portfolio.swift in Sources */,
				F7C748782A58F7C30075DE40 /* AppLayout.swift in Sources */,
				F7E99AF62A7404A70071A94E /* SPublicPortfolioCvEntry.swift in Sources */,
				F7C748702A58F5FF0075DE40 /* ShowToast.swift in Sources */,
				F7C748762A58F76E0075DE40 /* SAccount.swift in Sources */,
				F7E99AF82A74898D0071A94E /* SAccountForm.swift in Sources */,
				F7DDD1AA2A748B19006332E4 /* CFormAccount.swift in Sources */,
				F7751D782A61FE4400FAA861 /* Framework.swift in Sources */,
				F7D9E2492A77AC5B00C9AAD0 /* CNavigationList.swift in Sources */,
				F7C7485F2A58EACD0075DE40 /* SchwiftyExperimentsApp.swift in Sources */,
				F73B39532A5BE83900997186 /* CFrameworkDetails.swift in Sources */,
				F71512EE2A5FEB1900D1B5A5 /* SPublicPortfolioCv.swift in Sources */,
				F73B394F2A5BE3BC00997186 /* dbFramework.swift in Sources */,
				F7C152582A60DCCB0094FAFB /* CResponsiveTabView.swift in Sources */,
				F75AC3342A70FC7200B108F8 /* CBarcodeCameraFinder.swift in Sources */,
				F7B7DF032A5A3EF50068FDE5 /* StackTypes.swift in Sources */,
				F73B39512A5BE47F00997186 /* CFrameworkGridTile.swift in Sources */,
				F77FBD622A64A3F400CD3178 /* AppStacks.swift in Sources */,
				F7B6CE042A62463B007364AF /* CResponsiveStacks.swift in Sources */,
				F7A76AE32A5AA2560000297C /* dbPortfolio.swift in Sources */,
				F717CBA72A78C2B9003D3433 /* SAppetizerList.swift in Sources */,
				F73B39572A5D339800997186 /* CSafariView.swift in Sources */,
				F77E0C212A7100390043B6BE /* ScannerVC.swift in Sources */,
				F73B39552A5BEAAB00997186 /* CButton.swift in Sources */,
				F7DE788B2A772AE900E4DFC7 /* CStack.swift in Sources */,
				F7D9E2472A779E4900C9AAD0 /* Appetizer.swift in Sources */,
				F7B6CE072A626F93007364AF /* textHelpers.swift in Sources */,
				F7B6CE752A62728F0036DAC8 /* SFrameworks.swift in Sources */,
				F78D26D02A61642500B7B76E /* StackVC.swift in Sources */,
				F75AC3302A70F73200B108F8 /* _STemplate.swift in Sources */,
				F7B6CE732A6272460036DAC8 /* CWeather.swift in Sources */,
				F73B394D2A5BE31B00997186 /* DbFrameworkGrid.swift in Sources */,
				F71CA8292A707F030092C2D4 /* CNavigationHeader.swift in Sources */,
				F7DE78872A77082900E4DFC7 /* Typography.swift in Sources */,
				F71512EC2A5FEB1200D1B5A5 /* SPublicPortfolio.swift in Sources */,
				F7C748722A58F6130075DE40 /* CWeatherDayTile.swift in Sources */,
				F71512EA2A5FEAD900D1B5A5 /* SPortfolioFeed.swift in Sources */,
				F7DDD89A2A710F6D00C0CB87 /* ShowAlert.swift in Sources */,
				F7BFC1992A5D4F1800969430 /* CSheet.swift in Sources */,
				F717CBA92A78C2C5003D3433 /* SAppetizerOrder.swift in Sources */,
				F7DE78892A77087D00E4DFC7 /* Space.swift in Sources */,
			);
			runOnlyForDeploymentPostprocessing = 0;
		};
/* End PBXSourcesBuildPhase section */

/* Begin XCBuildConfiguration section */
		F7C748682A58EACF0075DE40 /* Debug */ = {
			isa = XCBuildConfiguration;
			buildSettings = {
				ALWAYS_SEARCH_USER_PATHS = NO;
				ASSETCATALOG_COMPILER_GENERATE_SWIFT_ASSET_SYMBOL_EXTENSIONS = YES;
				CLANG_ANALYZER_NONNULL = YES;
				CLANG_ANALYZER_NUMBER_OBJECT_CONVERSION = YES_AGGRESSIVE;
				CLANG_CXX_LANGUAGE_STANDARD = "gnu++20";
				CLANG_ENABLE_MODULES = YES;
				CLANG_ENABLE_OBJC_ARC = YES;
				CLANG_ENABLE_OBJC_WEAK = YES;
				CLANG_WARN_BLOCK_CAPTURE_AUTORELEASING = YES;
				CLANG_WARN_BOOL_CONVERSION = YES;
				CLANG_WARN_COMMA = YES;
				CLANG_WARN_CONSTANT_CONVERSION = YES;
				CLANG_WARN_DEPRECATED_OBJC_IMPLEMENTATIONS = YES;
				CLANG_WARN_DIRECT_OBJC_ISA_USAGE = YES_ERROR;
				CLANG_WARN_DOCUMENTATION_COMMENTS = YES;
				CLANG_WARN_EMPTY_BODY = YES;
				CLANG_WARN_ENUM_CONVERSION = YES;
				CLANG_WARN_INFINITE_RECURSION = YES;
				CLANG_WARN_INT_CONVERSION = YES;
				CLANG_WARN_NON_LITERAL_NULL_CONVERSION = YES;
				CLANG_WARN_OBJC_IMPLICIT_RETAIN_SELF = YES;
				CLANG_WARN_OBJC_LITERAL_CONVERSION = YES;
				CLANG_WARN_OBJC_ROOT_CLASS = YES_ERROR;
				CLANG_WARN_QUOTED_INCLUDE_IN_FRAMEWORK_HEADER = YES;
				CLANG_WARN_RANGE_LOOP_ANALYSIS = YES;
				CLANG_WARN_STRICT_PROTOTYPES = YES;
				CLANG_WARN_SUSPICIOUS_MOVE = YES;
				CLANG_WARN_UNGUARDED_AVAILABILITY = YES_AGGRESSIVE;
				CLANG_WARN_UNREACHABLE_CODE = YES;
				CLANG_WARN__DUPLICATE_METHOD_MATCH = YES;
				COPY_PHASE_STRIP = NO;
				DEAD_CODE_STRIPPING = YES;
				DEBUG_INFORMATION_FORMAT = dwarf;
				ENABLE_STRICT_OBJC_MSGSEND = YES;
				ENABLE_TESTABILITY = YES;
				ENABLE_USER_SCRIPT_SANDBOXING = YES;
				GCC_C_LANGUAGE_STANDARD = gnu11;
				GCC_DYNAMIC_NO_PIC = NO;
				GCC_NO_COMMON_BLOCKS = YES;
				GCC_OPTIMIZATION_LEVEL = 0;
				GCC_PREPROCESSOR_DEFINITIONS = (
					"DEBUG=1",
					"$(inherited)",
				);
				GCC_WARN_64_TO_32_BIT_CONVERSION = YES;
				GCC_WARN_ABOUT_RETURN_TYPE = YES_ERROR;
				GCC_WARN_UNDECLARED_SELECTOR = YES;
				GCC_WARN_UNINITIALIZED_AUTOS = YES_AGGRESSIVE;
				GCC_WARN_UNUSED_FUNCTION = YES;
				GCC_WARN_UNUSED_VARIABLE = YES;
				MTL_ENABLE_DEBUG_INFO = INCLUDE_SOURCE;
				MTL_FAST_MATH = YES;
				ONLY_ACTIVE_ARCH = YES;
				SWIFT_ACTIVE_COMPILATION_CONDITIONS = DEBUG;
				SWIFT_OPTIMIZATION_LEVEL = "-Onone";
			};
			name = Debug;
		};
		F7C748692A58EACF0075DE40 /* Release */ = {
			isa = XCBuildConfiguration;
			buildSettings = {
				ALWAYS_SEARCH_USER_PATHS = NO;
				ASSETCATALOG_COMPILER_GENERATE_SWIFT_ASSET_SYMBOL_EXTENSIONS = YES;
				CLANG_ANALYZER_NONNULL = YES;
				CLANG_ANALYZER_NUMBER_OBJECT_CONVERSION = YES_AGGRESSIVE;
				CLANG_CXX_LANGUAGE_STANDARD = "gnu++20";
				CLANG_ENABLE_MODULES = YES;
				CLANG_ENABLE_OBJC_ARC = YES;
				CLANG_ENABLE_OBJC_WEAK = YES;
				CLANG_WARN_BLOCK_CAPTURE_AUTORELEASING = YES;
				CLANG_WARN_BOOL_CONVERSION = YES;
				CLANG_WARN_COMMA = YES;
				CLANG_WARN_CONSTANT_CONVERSION = YES;
				CLANG_WARN_DEPRECATED_OBJC_IMPLEMENTATIONS = YES;
				CLANG_WARN_DIRECT_OBJC_ISA_USAGE = YES_ERROR;
				CLANG_WARN_DOCUMENTATION_COMMENTS = YES;
				CLANG_WARN_EMPTY_BODY = YES;
				CLANG_WARN_ENUM_CONVERSION = YES;
				CLANG_WARN_INFINITE_RECURSION = YES;
				CLANG_WARN_INT_CONVERSION = YES;
				CLANG_WARN_NON_LITERAL_NULL_CONVERSION = YES;
				CLANG_WARN_OBJC_IMPLICIT_RETAIN_SELF = YES;
				CLANG_WARN_OBJC_LITERAL_CONVERSION = YES;
				CLANG_WARN_OBJC_ROOT_CLASS = YES_ERROR;
				CLANG_WARN_QUOTED_INCLUDE_IN_FRAMEWORK_HEADER = YES;
				CLANG_WARN_RANGE_LOOP_ANALYSIS = YES;
				CLANG_WARN_STRICT_PROTOTYPES = YES;
				CLANG_WARN_SUSPICIOUS_MOVE = YES;
				CLANG_WARN_UNGUARDED_AVAILABILITY = YES_AGGRESSIVE;
				CLANG_WARN_UNREACHABLE_CODE = YES;
				CLANG_WARN__DUPLICATE_METHOD_MATCH = YES;
				COPY_PHASE_STRIP = NO;
				DEAD_CODE_STRIPPING = YES;
				DEBUG_INFORMATION_FORMAT = "dwarf-with-dsym";
				ENABLE_NS_ASSERTIONS = NO;
				ENABLE_STRICT_OBJC_MSGSEND = YES;
				ENABLE_USER_SCRIPT_SANDBOXING = YES;
				GCC_C_LANGUAGE_STANDARD = gnu11;
				GCC_NO_COMMON_BLOCKS = YES;
				GCC_WARN_64_TO_32_BIT_CONVERSION = YES;
				GCC_WARN_ABOUT_RETURN_TYPE = YES_ERROR;
				GCC_WARN_UNDECLARED_SELECTOR = YES;
				GCC_WARN_UNINITIALIZED_AUTOS = YES_AGGRESSIVE;
				GCC_WARN_UNUSED_FUNCTION = YES;
				GCC_WARN_UNUSED_VARIABLE = YES;
				MTL_ENABLE_DEBUG_INFO = NO;
				MTL_FAST_MATH = YES;
				SWIFT_COMPILATION_MODE = wholemodule;
				SWIFT_OPTIMIZATION_LEVEL = "-O";
			};
			name = Release;
		};
		F7C7486B2A58EACF0075DE40 /* Debug */ = {
			isa = XCBuildConfiguration;
			buildSettings = {
				ASSETCATALOG_COMPILER_APPICON_NAME = AppIcon;
				ASSETCATALOG_COMPILER_GLOBAL_ACCENT_COLOR_NAME = AccentColor;
				CODE_SIGN_ENTITLEMENTS = "schwifty-experiments/schwifty_experiments.entitlements";
				CODE_SIGN_STYLE = Automatic;
				CURRENT_PROJECT_VERSION = 1;
				DEAD_CODE_STRIPPING = YES;
				DEVELOPMENT_ASSET_PATHS = "\"schwifty-experiments/Preview Content\"";
				DEVELOPMENT_TEAM = 7ULH57827C;
				ENABLE_HARDENED_RUNTIME = YES;
				"ENABLE_HARDENED_RUNTIME[sdk=macosx*]" = YES;
				ENABLE_PREVIEWS = YES;
				GENERATE_INFOPLIST_FILE = YES;
				"INFOPLIST_KEY_UIApplicationSceneManifest_Generation[sdk=iphoneos*]" = YES;
				"INFOPLIST_KEY_UIApplicationSceneManifest_Generation[sdk=iphonesimulator*]" = YES;
				"INFOPLIST_KEY_UIApplicationSupportsIndirectInputEvents[sdk=iphoneos*]" = YES;
				"INFOPLIST_KEY_UIApplicationSupportsIndirectInputEvents[sdk=iphonesimulator*]" = YES;
				"INFOPLIST_KEY_UILaunchScreen_Generation[sdk=iphoneos*]" = YES;
				"INFOPLIST_KEY_UILaunchScreen_Generation[sdk=iphonesimulator*]" = YES;
				"INFOPLIST_KEY_UIStatusBarStyle[sdk=iphoneos*]" = UIStatusBarStyleDefault;
				"INFOPLIST_KEY_UIStatusBarStyle[sdk=iphonesimulator*]" = UIStatusBarStyleDefault;
				INFOPLIST_KEY_UISupportedInterfaceOrientations_iPad = "UIInterfaceOrientationPortrait UIInterfaceOrientationPortraitUpsideDown UIInterfaceOrientationLandscapeLeft UIInterfaceOrientationLandscapeRight";
				INFOPLIST_KEY_UISupportedInterfaceOrientations_iPhone = "UIInterfaceOrientationPortrait UIInterfaceOrientationLandscapeLeft UIInterfaceOrientationLandscapeRight";
				IPHONEOS_DEPLOYMENT_TARGET = 17.0;
				LD_RUNPATH_SEARCH_PATHS = "@executable_path/Frameworks";
				"LD_RUNPATH_SEARCH_PATHS[sdk=macosx*]" = "@executable_path/../Frameworks";
				MACOSX_DEPLOYMENT_TARGET = 14.0;
				MARKETING_VERSION = 1.0;
				PRODUCT_BUNDLE_IDENTIFIER = "cycraft.schwifty-experiments";
				PRODUCT_NAME = "$(TARGET_NAME)";
				SDKROOT = auto;
				SUPPORTED_PLATFORMS = "iphoneos iphonesimulator macosx";
				SUPPORTS_MACCATALYST = NO;
				SWIFT_EMIT_LOC_STRINGS = YES;
				SWIFT_VERSION = 5.0;
				TARGETED_DEVICE_FAMILY = "1,2";
			};
			name = Debug;
		};
		F7C7486C2A58EACF0075DE40 /* Release */ = {
			isa = XCBuildConfiguration;
			buildSettings = {
				ASSETCATALOG_COMPILER_APPICON_NAME = AppIcon;
				ASSETCATALOG_COMPILER_GLOBAL_ACCENT_COLOR_NAME = AccentColor;
				CODE_SIGN_ENTITLEMENTS = "schwifty-experiments/schwifty_experiments.entitlements";
				CODE_SIGN_STYLE = Automatic;
				CURRENT_PROJECT_VERSION = 1;
				DEAD_CODE_STRIPPING = YES;
				DEVELOPMENT_ASSET_PATHS = "\"schwifty-experiments/Preview Content\"";
				DEVELOPMENT_TEAM = 7ULH57827C;
				ENABLE_HARDENED_RUNTIME = YES;
				"ENABLE_HARDENED_RUNTIME[sdk=macosx*]" = YES;
				ENABLE_PREVIEWS = YES;
				GENERATE_INFOPLIST_FILE = YES;
				"INFOPLIST_KEY_UIApplicationSceneManifest_Generation[sdk=iphoneos*]" = YES;
				"INFOPLIST_KEY_UIApplicationSceneManifest_Generation[sdk=iphonesimulator*]" = YES;
				"INFOPLIST_KEY_UIApplicationSupportsIndirectInputEvents[sdk=iphoneos*]" = YES;
				"INFOPLIST_KEY_UIApplicationSupportsIndirectInputEvents[sdk=iphonesimulator*]" = YES;
				"INFOPLIST_KEY_UILaunchScreen_Generation[sdk=iphoneos*]" = YES;
				"INFOPLIST_KEY_UILaunchScreen_Generation[sdk=iphonesimulator*]" = YES;
				"INFOPLIST_KEY_UIStatusBarStyle[sdk=iphoneos*]" = UIStatusBarStyleDefault;
				"INFOPLIST_KEY_UIStatusBarStyle[sdk=iphonesimulator*]" = UIStatusBarStyleDefault;
				INFOPLIST_KEY_UISupportedInterfaceOrientations_iPad = "UIInterfaceOrientationPortrait UIInterfaceOrientationPortraitUpsideDown UIInterfaceOrientationLandscapeLeft UIInterfaceOrientationLandscapeRight";
				INFOPLIST_KEY_UISupportedInterfaceOrientations_iPhone = "UIInterfaceOrientationPortrait UIInterfaceOrientationLandscapeLeft UIInterfaceOrientationLandscapeRight";
				IPHONEOS_DEPLOYMENT_TARGET = 17.0;
				LD_RUNPATH_SEARCH_PATHS = "@executable_path/Frameworks";
				"LD_RUNPATH_SEARCH_PATHS[sdk=macosx*]" = "@executable_path/../Frameworks";
				MACOSX_DEPLOYMENT_TARGET = 14.0;
				MARKETING_VERSION = 1.0;
				PRODUCT_BUNDLE_IDENTIFIER = "cycraft.schwifty-experiments";
				PRODUCT_NAME = "$(TARGET_NAME)";
				SDKROOT = auto;
				SUPPORTED_PLATFORMS = "iphoneos iphonesimulator macosx";
				SUPPORTS_MACCATALYST = NO;
				SWIFT_EMIT_LOC_STRINGS = YES;
				SWIFT_VERSION = 5.0;
				TARGETED_DEVICE_FAMILY = "1,2";
			};
			name = Release;
		};
/* End XCBuildConfiguration section */

/* Begin XCConfigurationList section */
		F7C748562A58EACD0075DE40 /* Build configuration list for PBXProject "schwifty-experiments" */ = {
			isa = XCConfigurationList;
			buildConfigurations = (
				F7C748682A58EACF0075DE40 /* Debug */,
				F7C748692A58EACF0075DE40 /* Release */,
			);
			defaultConfigurationIsVisible = 0;
			defaultConfigurationName = Release;
		};
		F7C7486A2A58EACF0075DE40 /* Build configuration list for PBXNativeTarget "schwifty-experiments" */ = {
			isa = XCConfigurationList;
			buildConfigurations = (
				F7C7486B2A58EACF0075DE40 /* Debug */,
				F7C7486C2A58EACF0075DE40 /* Release */,
			);
			defaultConfigurationIsVisible = 0;
			defaultConfigurationName = Release;
		};
/* End XCConfigurationList section */
	};
	rootObject = F7C748532A58EACD0075DE40 /* Project object */;
}
