// !$*UTF8*$!
{
	archiveVersion = 1;
	classes = {
	};
	objectVersion = 56;
	objects = {

/* Begin PBXBuildFile section */
		F7C7485F2A58EACD0075DE40 /* SchwiftyExperimentsApp.swift in Sources */ = {isa = PBXBuildFile; fileRef = F7C7485E2A58EACD0075DE40 /* SchwiftyExperimentsApp.swift */; };
		F7C748612A58EACD0075DE40 /* PageWeather.swift in Sources */ = {isa = PBXBuildFile; fileRef = F7C748602A58EACD0075DE40 /* PageWeather.swift */; };
		F7C748632A58EACF0075DE40 /* Assets.xcassets in Resources */ = {isa = PBXBuildFile; fileRef = F7C748622A58EACF0075DE40 /* Assets.xcassets */; };
		F7C748672A58EACF0075DE40 /* Preview Assets.xcassets in Resources */ = {isa = PBXBuildFile; fileRef = F7C748662A58EACF0075DE40 /* Preview Assets.xcassets */; };
		F7C748702A58F5FF0075DE40 /* ShowToast.swift in Sources */ = {isa = PBXBuildFile; fileRef = F7C7486F2A58F5FF0075DE40 /* ShowToast.swift */; };
		F7C748722A58F6130075DE40 /* WeatherDayTile.swift in Sources */ = {isa = PBXBuildFile; fileRef = F7C748712A58F6130075DE40 /* WeatherDayTile.swift */; };
		F7C748742A58F6D30075DE40 /* NavigationTabs.swift in Sources */ = {isa = PBXBuildFile; fileRef = F7C748732A58F6D30075DE40 /* NavigationTabs.swift */; };
		F7C748762A58F76E0075DE40 /* PageAccount.swift in Sources */ = {isa = PBXBuildFile; fileRef = F7C748752A58F76E0075DE40 /* PageAccount.swift */; };
		F7C748782A58F7C30075DE40 /* AppLayout.swift in Sources */ = {isa = PBXBuildFile; fileRef = F7C748772A58F7C30075DE40 /* AppLayout.swift */; };
/* End PBXBuildFile section */

/* Begin PBXFileReference section */
		F7C7485B2A58EACD0075DE40 /* schwifty-experiments.app */ = {isa = PBXFileReference; explicitFileType = wrapper.application; includeInIndex = 0; path = "schwifty-experiments.app"; sourceTree = BUILT_PRODUCTS_DIR; };
		F7C7485E2A58EACD0075DE40 /* SchwiftyExperimentsApp.swift */ = {isa = PBXFileReference; lastKnownFileType = sourcecode.swift; path = SchwiftyExperimentsApp.swift; sourceTree = "<group>"; };
		F7C748602A58EACD0075DE40 /* PageWeather.swift */ = {isa = PBXFileReference; lastKnownFileType = sourcecode.swift; path = PageWeather.swift; sourceTree = "<group>"; };
		F7C748622A58EACF0075DE40 /* Assets.xcassets */ = {isa = PBXFileReference; lastKnownFileType = folder.assetcatalog; path = Assets.xcassets; sourceTree = "<group>"; };
		F7C748642A58EACF0075DE40 /* schwifty_experiments.entitlements */ = {isa = PBXFileReference; lastKnownFileType = text.plist.entitlements; path = schwifty_experiments.entitlements; sourceTree = "<group>"; };
		F7C748662A58EACF0075DE40 /* Preview Assets.xcassets */ = {isa = PBXFileReference; lastKnownFileType = folder.assetcatalog; path = "Preview Assets.xcassets"; sourceTree = "<group>"; };
		F7C7486F2A58F5FF0075DE40 /* ShowToast.swift */ = {isa = PBXFileReference; lastKnownFileType = sourcecode.swift; path = ShowToast.swift; sourceTree = "<group>"; };
		F7C748712A58F6130075DE40 /* WeatherDayTile.swift */ = {isa = PBXFileReference; lastKnownFileType = sourcecode.swift; path = WeatherDayTile.swift; sourceTree = "<group>"; };
		F7C748732A58F6D30075DE40 /* NavigationTabs.swift */ = {isa = PBXFileReference; lastKnownFileType = sourcecode.swift; path = NavigationTabs.swift; sourceTree = "<group>"; };
		F7C748752A58F76E0075DE40 /* PageAccount.swift */ = {isa = PBXFileReference; lastKnownFileType = sourcecode.swift; path = PageAccount.swift; sourceTree = "<group>"; };
		F7C748772A58F7C30075DE40 /* AppLayout.swift */ = {isa = PBXFileReference; lastKnownFileType = sourcecode.swift; path = AppLayout.swift; sourceTree = "<group>"; };
/* End PBXFileReference section */

/* Begin PBXFrameworksBuildPhase section */
		F7C748582A58EACD0075DE40 /* Frameworks */ = {
			isa = PBXFrameworksBuildPhase;
			buildActionMask = 2147483647;
			files = (
			);
			runOnlyForDeploymentPostprocessing = 0;
		};
/* End PBXFrameworksBuildPhase section */

/* Begin PBXGroup section */
		F7C748522A58EACD0075DE40 = {
			isa = PBXGroup;
			children = (
				F7C7485D2A58EACD0075DE40 /* schwifty-experiments */,
				F7C7485C2A58EACD0075DE40 /* Products */,
			);
			sourceTree = "<group>";
		};
		F7C7485C2A58EACD0075DE40 /* Products */ = {
			isa = PBXGroup;
			children = (
				F7C7485B2A58EACD0075DE40 /* schwifty-experiments.app */,
			);
			name = Products;
			sourceTree = "<group>";
		};
		F7C7485D2A58EACD0075DE40 /* schwifty-experiments */ = {
			isa = PBXGroup;
			children = (
				F7C7485E2A58EACD0075DE40 /* SchwiftyExperimentsApp.swift */,
				F7C7486E2A58F5E10075DE40 /* components */,
				F7C7486D2A58ED750075DE40 /* pages */,
				F7C748622A58EACF0075DE40 /* Assets.xcassets */,
				F7C748642A58EACF0075DE40 /* schwifty_experiments.entitlements */,
				F7C748652A58EACF0075DE40 /* Preview Content */,
			);
			path = "schwifty-experiments";
			sourceTree = "<group>";
		};
		F7C748652A58EACF0075DE40 /* Preview Content */ = {
			isa = PBXGroup;
			children = (
				F7C748662A58EACF0075DE40 /* Preview Assets.xcassets */,
			);
			path = "Preview Content";
			sourceTree = "<group>";
		};
		F7C7486D2A58ED750075DE40 /* pages */ = {
			isa = PBXGroup;
			children = (
				F7C748602A58EACD0075DE40 /* PageWeather.swift */,
				F7C748752A58F76E0075DE40 /* PageAccount.swift */,
				F7C748772A58F7C30075DE40 /* AppLayout.swift */,
			);
			path = pages;
			sourceTree = "<group>";
		};
		F7C7486E2A58F5E10075DE40 /* components */ = {
			isa = PBXGroup;
			children = (
				F7C7486F2A58F5FF0075DE40 /* ShowToast.swift */,
				F7C748732A58F6D30075DE40 /* NavigationTabs.swift */,
				F7C748712A58F6130075DE40 /* WeatherDayTile.swift */,
			);
			path = components;
			sourceTree = "<group>";
		};
/* End PBXGroup section */

/* Begin PBXNativeTarget section */
		F7C7485A2A58EACD0075DE40 /* schwifty-experiments */ = {
			isa = PBXNativeTarget;
			buildConfigurationList = F7C7486A2A58EACF0075DE40 /* Build configuration list for PBXNativeTarget "schwifty-experiments" */;
			buildPhases = (
				F7C748572A58EACD0075DE40 /* Sources */,
				F7C748582A58EACD0075DE40 /* Frameworks */,
				F7C748592A58EACD0075DE40 /* Resources */,
			);
			buildRules = (
			);
			dependencies = (
			);
			name = "schwifty-experiments";
			productName = "schwifty-experiments";
			productReference = F7C7485B2A58EACD0075DE40 /* schwifty-experiments.app */;
			productType = "com.apple.product-type.application";
		};
/* End PBXNativeTarget section */

/* Begin PBXProject section */
		F7C748532A58EACD0075DE40 /* Project object */ = {
			isa = PBXProject;
			attributes = {
				BuildIndependentTargetsInParallel = 1;
				LastSwiftUpdateCheck = 1430;
				LastUpgradeCheck = 1430;
				TargetAttributes = {
					F7C7485A2A58EACD0075DE40 = {
						CreatedOnToolsVersion = 14.3.1;
					};
				};
			};
			buildConfigurationList = F7C748562A58EACD0075DE40 /* Build configuration list for PBXProject "schwifty-experiments" */;
			compatibilityVersion = "Xcode 14.0";
			developmentRegion = en;
			hasScannedForEncodings = 0;
			knownRegions = (
				en,
				Base,
			);
			mainGroup = F7C748522A58EACD0075DE40;
			productRefGroup = F7C7485C2A58EACD0075DE40 /* Products */;
			projectDirPath = "";
			projectRoot = "";
			targets = (
				F7C7485A2A58EACD0075DE40 /* schwifty-experiments */,
			);
		};
/* End PBXProject section */

/* Begin PBXResourcesBuildPhase section */
		F7C748592A58EACD0075DE40 /* Resources */ = {
			isa = PBXResourcesBuildPhase;
			buildActionMask = 2147483647;
			files = (
				F7C748672A58EACF0075DE40 /* Preview Assets.xcassets in Resources */,
				F7C748632A58EACF0075DE40 /* Assets.xcassets in Resources */,
			);
			runOnlyForDeploymentPostprocessing = 0;
		};
/* End PBXResourcesBuildPhase section */

/* Begin PBXSourcesBuildPhase section */
		F7C748572A58EACD0075DE40 /* Sources */ = {
			isa = PBXSourcesBuildPhase;
			buildActionMask = 2147483647;
			files = (
				F7C748742A58F6D30075DE40 /* NavigationTabs.swift in Sources */,
				F7C748782A58F7C30075DE40 /* AppLayout.swift in Sources */,
				F7C748702A58F5FF0075DE40 /* ShowToast.swift in Sources */,
				F7C748762A58F76E0075DE40 /* PageAccount.swift in Sources */,
				F7C748612A58EACD0075DE40 /* PageWeather.swift in Sources */,
				F7C7485F2A58EACD0075DE40 /* SchwiftyExperimentsApp.swift in Sources */,
				F7C748722A58F6130075DE40 /* WeatherDayTile.swift in Sources */,
			);
			runOnlyForDeploymentPostprocessing = 0;
		};
/* End PBXSourcesBuildPhase section */

/* Begin XCBuildConfiguration section */
		F7C748682A58EACF0075DE40 /* Debug */ = {
			isa = XCBuildConfiguration;
			buildSettings = {
				ALWAYS_SEARCH_USER_PATHS = NO;
				CLANG_ANALYZER_NONNULL = YES;
				CLANG_ANALYZER_NUMBER_OBJECT_CONVERSION = YES_AGGRESSIVE;
				CLANG_CXX_LANGUAGE_STANDARD = "gnu++20";
				CLANG_ENABLE_MODULES = YES;
				CLANG_ENABLE_OBJC_ARC = YES;
				CLANG_ENABLE_OBJC_WEAK = YES;
				CLANG_WARN_BLOCK_CAPTURE_AUTORELEASING = YES;
				CLANG_WARN_BOOL_CONVERSION = YES;
				CLANG_WARN_COMMA = YES;
				CLANG_WARN_CONSTANT_CONVERSION = YES;
				CLANG_WARN_DEPRECATED_OBJC_IMPLEMENTATIONS = YES;
				CLANG_WARN_DIRECT_OBJC_ISA_USAGE = YES_ERROR;
				CLANG_WARN_DOCUMENTATION_COMMENTS = YES;
				CLANG_WARN_EMPTY_BODY = YES;
				CLANG_WARN_ENUM_CONVERSION = YES;
				CLANG_WARN_INFINITE_RECURSION = YES;
				CLANG_WARN_INT_CONVERSION = YES;
				CLANG_WARN_NON_LITERAL_NULL_CONVERSION = YES;
				CLANG_WARN_OBJC_IMPLICIT_RETAIN_SELF = YES;
				CLANG_WARN_OBJC_LITERAL_CONVERSION = YES;
				CLANG_WARN_OBJC_ROOT_CLASS = YES_ERROR;
				CLANG_WARN_QUOTED_INCLUDE_IN_FRAMEWORK_HEADER = YES;
				CLANG_WARN_RANGE_LOOP_ANALYSIS = YES;
				CLANG_WARN_STRICT_PROTOTYPES = YES;
				CLANG_WARN_SUSPICIOUS_MOVE = YES;
				CLANG_WARN_UNGUARDED_AVAILABILITY = YES_AGGRESSIVE;
				CLANG_WARN_UNREACHABLE_CODE = YES;
				CLANG_WARN__DUPLICATE_METHOD_MATCH = YES;
				COPY_PHASE_STRIP = NO;
				DEBUG_INFORMATION_FORMAT = dwarf;
				ENABLE_STRICT_OBJC_MSGSEND = YES;
				ENABLE_TESTABILITY = YES;
				GCC_C_LANGUAGE_STANDARD = gnu11;
				GCC_DYNAMIC_NO_PIC = NO;
				GCC_NO_COMMON_BLOCKS = YES;
				GCC_OPTIMIZATION_LEVEL = 0;
				GCC_PREPROCESSOR_DEFINITIONS = (
					"DEBUG=1",
					"$(inherited)",
				);
				GCC_WARN_64_TO_32_BIT_CONVERSION = YES;
				GCC_WARN_ABOUT_RETURN_TYPE = YES_ERROR;
				GCC_WARN_UNDECLARED_SELECTOR = YES;
				GCC_WARN_UNINITIALIZED_AUTOS = YES_AGGRESSIVE;
				GCC_WARN_UNUSED_FUNCTION = YES;
				GCC_WARN_UNUSED_VARIABLE = YES;
				MTL_ENABLE_DEBUG_INFO = INCLUDE_SOURCE;
				MTL_FAST_MATH = YES;
				ONLY_ACTIVE_ARCH = YES;
				SWIFT_ACTIVE_COMPILATION_CONDITIONS = DEBUG;
				SWIFT_OPTIMIZATION_LEVEL = "-Onone";
			};
			name = Debug;
		};
		F7C748692A58EACF0075DE40 /* Release */ = {
			isa = XCBuildConfiguration;
			buildSettings = {
				ALWAYS_SEARCH_USER_PATHS = NO;
				CLANG_ANALYZER_NONNULL = YES;
				CLANG_ANALYZER_NUMBER_OBJECT_CONVERSION = YES_AGGRESSIVE;
				CLANG_CXX_LANGUAGE_STANDARD = "gnu++20";
				CLANG_ENABLE_MODULES = YES;
				CLANG_ENABLE_OBJC_ARC = YES;
				CLANG_ENABLE_OBJC_WEAK = YES;
				CLANG_WARN_BLOCK_CAPTURE_AUTORELEASING = YES;
				CLANG_WARN_BOOL_CONVERSION = YES;
				CLANG_WARN_COMMA = YES;
				CLANG_WARN_CONSTANT_CONVERSION = YES;
				CLANG_WARN_DEPRECATED_OBJC_IMPLEMENTATIONS = YES;
				CLANG_WARN_DIRECT_OBJC_ISA_USAGE = YES_ERROR;
				CLANG_WARN_DOCUMENTATION_COMMENTS = YES;
				CLANG_WARN_EMPTY_BODY = YES;
				CLANG_WARN_ENUM_CONVERSION = YES;
				CLANG_WARN_INFINITE_RECURSION = YES;
				CLANG_WARN_INT_CONVERSION = YES;
				CLANG_WARN_NON_LITERAL_NULL_CONVERSION = YES;
				CLANG_WARN_OBJC_IMPLICIT_RETAIN_SELF = YES;
				CLANG_WARN_OBJC_LITERAL_CONVERSION = YES;
				CLANG_WARN_OBJC_ROOT_CLASS = YES_ERROR;
				CLANG_WARN_QUOTED_INCLUDE_IN_FRAMEWORK_HEADER = YES;
				CLANG_WARN_RANGE_LOOP_ANALYSIS = YES;
				CLANG_WARN_STRICT_PROTOTYPES = YES;
				CLANG_WARN_SUSPICIOUS_MOVE = YES;
				CLANG_WARN_UNGUARDED_AVAILABILITY = YES_AGGRESSIVE;
				CLANG_WARN_UNREACHABLE_CODE = YES;
				CLANG_WARN__DUPLICATE_METHOD_MATCH = YES;
				COPY_PHASE_STRIP = NO;
				DEBUG_INFORMATION_FORMAT = "dwarf-with-dsym";
				ENABLE_NS_ASSERTIONS = NO;
				ENABLE_STRICT_OBJC_MSGSEND = YES;
				GCC_C_LANGUAGE_STANDARD = gnu11;
				GCC_NO_COMMON_BLOCKS = YES;
				GCC_WARN_64_TO_32_BIT_CONVERSION = YES;
				GCC_WARN_ABOUT_RETURN_TYPE = YES_ERROR;
				GCC_WARN_UNDECLARED_SELECTOR = YES;
				GCC_WARN_UNINITIALIZED_AUTOS = YES_AGGRESSIVE;
				GCC_WARN_UNUSED_FUNCTION = YES;
				GCC_WARN_UNUSED_VARIABLE = YES;
				MTL_ENABLE_DEBUG_INFO = NO;
				MTL_FAST_MATH = YES;
				SWIFT_COMPILATION_MODE = wholemodule;
				SWIFT_OPTIMIZATION_LEVEL = "-O";
			};
			name = Release;
		};
		F7C7486B2A58EACF0075DE40 /* Debug */ = {
			isa = XCBuildConfiguration;
			buildSettings = {
				ASSETCATALOG_COMPILER_APPICON_NAME = AppIcon;
				ASSETCATALOG_COMPILER_GLOBAL_ACCENT_COLOR_NAME = AccentColor;
				CODE_SIGN_ENTITLEMENTS = "schwifty-experiments/schwifty_experiments.entitlements";
				CODE_SIGN_STYLE = Automatic;
				CURRENT_PROJECT_VERSION = 1;
				DEVELOPMENT_ASSET_PATHS = "\"schwifty-experiments/Preview Content\"";
				DEVELOPMENT_TEAM = 7ULH57827C;
				ENABLE_HARDENED_RUNTIME = YES;
				ENABLE_PREVIEWS = YES;
				GENERATE_INFOPLIST_FILE = YES;
				"INFOPLIST_KEY_UIApplicationSceneManifest_Generation[sdk=iphoneos*]" = YES;
				"INFOPLIST_KEY_UIApplicationSceneManifest_Generation[sdk=iphonesimulator*]" = YES;
				"INFOPLIST_KEY_UIApplicationSupportsIndirectInputEvents[sdk=iphoneos*]" = YES;
				"INFOPLIST_KEY_UIApplicationSupportsIndirectInputEvents[sdk=iphonesimulator*]" = YES;
				"INFOPLIST_KEY_UILaunchScreen_Generation[sdk=iphoneos*]" = YES;
				"INFOPLIST_KEY_UILaunchScreen_Generation[sdk=iphonesimulator*]" = YES;
				"INFOPLIST_KEY_UIStatusBarStyle[sdk=iphoneos*]" = UIStatusBarStyleDefault;
				"INFOPLIST_KEY_UIStatusBarStyle[sdk=iphonesimulator*]" = UIStatusBarStyleDefault;
				INFOPLIST_KEY_UISupportedInterfaceOrientations_iPad = "UIInterfaceOrientationPortrait UIInterfaceOrientationPortraitUpsideDown UIInterfaceOrientationLandscapeLeft UIInterfaceOrientationLandscapeRight";
				INFOPLIST_KEY_UISupportedInterfaceOrientations_iPhone = "UIInterfaceOrientationPortrait UIInterfaceOrientationLandscapeLeft UIInterfaceOrientationLandscapeRight";
				IPHONEOS_DEPLOYMENT_TARGET = 16.4;
				LD_RUNPATH_SEARCH_PATHS = "@executable_path/Frameworks";
				"LD_RUNPATH_SEARCH_PATHS[sdk=macosx*]" = "@executable_path/../Frameworks";
				MACOSX_DEPLOYMENT_TARGET = 13.3;
				MARKETING_VERSION = 1.0;
				PRODUCT_BUNDLE_IDENTIFIER = "cycraft.schwifty-experiments";
				PRODUCT_NAME = "$(TARGET_NAME)";
				SDKROOT = auto;
				SUPPORTED_PLATFORMS = "iphoneos iphonesimulator macosx";
				SWIFT_EMIT_LOC_STRINGS = YES;
				SWIFT_VERSION = 5.0;
				TARGETED_DEVICE_FAMILY = "1,2";
			};
			name = Debug;
		};
		F7C7486C2A58EACF0075DE40 /* Release */ = {
			isa = XCBuildConfiguration;
			buildSettings = {
				ASSETCATALOG_COMPILER_APPICON_NAME = AppIcon;
				ASSETCATALOG_COMPILER_GLOBAL_ACCENT_COLOR_NAME = AccentColor;
				CODE_SIGN_ENTITLEMENTS = "schwifty-experiments/schwifty_experiments.entitlements";
				CODE_SIGN_STYLE = Automatic;
				CURRENT_PROJECT_VERSION = 1;
				DEVELOPMENT_ASSET_PATHS = "\"schwifty-experiments/Preview Content\"";
				DEVELOPMENT_TEAM = 7ULH57827C;
				ENABLE_HARDENED_RUNTIME = YES;
				ENABLE_PREVIEWS = YES;
				GENERATE_INFOPLIST_FILE = YES;
				"INFOPLIST_KEY_UIApplicationSceneManifest_Generation[sdk=iphoneos*]" = YES;
				"INFOPLIST_KEY_UIApplicationSceneManifest_Generation[sdk=iphonesimulator*]" = YES;
				"INFOPLIST_KEY_UIApplicationSupportsIndirectInputEvents[sdk=iphoneos*]" = YES;
				"INFOPLIST_KEY_UIApplicationSupportsIndirectInputEvents[sdk=iphonesimulator*]" = YES;
				"INFOPLIST_KEY_UILaunchScreen_Generation[sdk=iphoneos*]" = YES;
				"INFOPLIST_KEY_UILaunchScreen_Generation[sdk=iphonesimulator*]" = YES;
				"INFOPLIST_KEY_UIStatusBarStyle[sdk=iphoneos*]" = UIStatusBarStyleDefault;
				"INFOPLIST_KEY_UIStatusBarStyle[sdk=iphonesimulator*]" = UIStatusBarStyleDefault;
				INFOPLIST_KEY_UISupportedInterfaceOrientations_iPad = "UIInterfaceOrientationPortrait UIInterfaceOrientationPortraitUpsideDown UIInterfaceOrientationLandscapeLeft UIInterfaceOrientationLandscapeRight";
				INFOPLIST_KEY_UISupportedInterfaceOrientations_iPhone = "UIInterfaceOrientationPortrait UIInterfaceOrientationLandscapeLeft UIInterfaceOrientationLandscapeRight";
				IPHONEOS_DEPLOYMENT_TARGET = 16.4;
				LD_RUNPATH_SEARCH_PATHS = "@executable_path/Frameworks";
				"LD_RUNPATH_SEARCH_PATHS[sdk=macosx*]" = "@executable_path/../Frameworks";
				MACOSX_DEPLOYMENT_TARGET = 13.3;
				MARKETING_VERSION = 1.0;
				PRODUCT_BUNDLE_IDENTIFIER = "cycraft.schwifty-experiments";
				PRODUCT_NAME = "$(TARGET_NAME)";
				SDKROOT = auto;
				SUPPORTED_PLATFORMS = "iphoneos iphonesimulator macosx";
				SWIFT_EMIT_LOC_STRINGS = YES;
				SWIFT_VERSION = 5.0;
				TARGETED_DEVICE_FAMILY = "1,2";
			};
			name = Release;
		};
/* End XCBuildConfiguration section */

/* Begin XCConfigurationList section */
		F7C748562A58EACD0075DE40 /* Build configuration list for PBXProject "schwifty-experiments" */ = {
			isa = XCConfigurationList;
			buildConfigurations = (
				F7C748682A58EACF0075DE40 /* Debug */,
				F7C748692A58EACF0075DE40 /* Release */,
			);
			defaultConfigurationIsVisible = 0;
			defaultConfigurationName = Release;
		};
		F7C7486A2A58EACF0075DE40 /* Build configuration list for PBXNativeTarget "schwifty-experiments" */ = {
			isa = XCConfigurationList;
			buildConfigurations = (
				F7C7486B2A58EACF0075DE40 /* Debug */,
				F7C7486C2A58EACF0075DE40 /* Release */,
			);
			defaultConfigurationIsVisible = 0;
			defaultConfigurationName = Release;
		};
/* End XCConfigurationList section */
	};
	rootObject = F7C748532A58EACD0075DE40 /* Project object */;
}
